
Microsoft Visual Studio Solution File, Format Version 11.00
# Visual Studio 2010
Project("{FAE04EC0-301F-11D3-BF4B-00C04F79EFBC}") = "BlockBreaker", "BlockBreaker\BlockBreaker.csproj", "{DD693CC4-5A0B-4810-91D6-07F89E59450B}"
EndProject
Global
	GlobalSection(SolutionConfigurationPlatforms) = preSolution
		Debug|Any CPU = Debug|Any CPU
		Release|Any CPU = Release|Any CPU
	EndGlobalSection
	GlobalSection(ProjectConfigurationPlatforms) = postSolution
		{DD693CC4-5A0B-4810-91D6-07F89E59450B}.Debug|Any CPU.ActiveCfg = Debug|Any CPU
		{DD693CC4-5A0B-4810-91D6-07F89E59450B}.Debug|Any CPU.Build.0 = Debug|Any CPU
		{DD693CC4-5A0B-4810-91D6-07F89E59450B}.Release|Any CPU.ActiveCfg = Release|Any CPU
		{DD693CC4-5A0B-4810-91D6-07F89E59450B}.Release|Any CPU.Build.0 = Release|Any CPU
	EndGlobalSection
	GlobalSection(SolutionProperties) = preSolution
		HideSolutionNode = FALSE
	EndGlobalSection
EndGlobal
